// !$*UTF8*$!
{
	archiveVersion = 1;
	classes = {
	};
	objectVersion = 56;
	objects = {

/* Begin PBXBuildFile section */
		A1B2C3D4E5F67890 /* LumenApp.swift in Sources */ = {isa = PBXBuildFile; fileRef = A1B2C3D4E5F67891 /* LumenApp.swift */; };
		A1B2C3D4E5F67892 /* ContentView.swift in Sources */ = {isa = PBXBuildFile; fileRef = A1B2C3D4E5F67893 /* ContentView.swift */; };
		A1B2C3D4E5F67894 /* Assets.xcassets in Resources */ = {isa = PBXBuildFile; fileRef = A1B2C3D4E5F67895 /* Assets.xcassets */; };
		A1B2C3D4E5F67896 /* Preview Assets.xcassets in Resources */ = {isa = PBXBuildFile; fileRef = A1B2C3D4E5F67897 /* Preview Assets.xcassets */; };
		338E9485D51B4E1490986799 /* KeychainManager.swift in Sources */ = {isa = PBXBuildFile; fileRef = 589CF27EA81040B7A4D32DB0 /* KeychainManager.swift */; };
		AB26FBFD4E5F441EA2159880 /* BiometricManager.swift in Sources */ = {isa = PBXBuildFile; fileRef = D0270EDAC7C44AA680D3D5B9 /* BiometricManager.swift */; };
		AD39264313C0442185C0132E /* BreezSDKLiquid in Frameworks */ = {isa = PBXBuildFile; productRef = 355AFB6DD05A463EA6837E4B /* BreezSDKLiquid */; };
		B8F7E6D5C4A39281F0E5B7C9 /* WalletManager.swift in Sources */ = {isa = PBXBuildFile; fileRef = C9A8B7F6E5D4C3B2A1908F7E /* WalletManager.swift */; };
		A7B8C9D0E1F2A3B4C5D6E7F8 /* OnboardingView.swift in Sources */ = {isa = PBXBuildFile; fileRef = F8E7D6C5B4A39281F0E5B7C9 /* OnboardingView.swift */; };
		B9C8D7E6F5A4B3C2D1E0F9A8 /* WalletView.swift in Sources */ = {isa = PBXBuildFile; fileRef = A8F9E0D1C2B3A4F5E6D7C8B9 /* WalletView.swift */; };
		C1D2E3F4A5B6C7D8E9F0A1B2 /* PaymentEventHandler.swift in Sources */ = {isa = PBXBuildFile; fileRef = B2A1F0E9D8C7B6A5F4E3D2C1 /* PaymentEventHandler.swift */; };
		D3E4F5A6B7C8D9E0F1A2B3C4 /* NotificationOverlay.swift in Sources */ = {isa = PBXBuildFile; fileRef = C4B3A2F1E0D9C8B7A6F5E4D3 /* NotificationOverlay.swift */; };
		E5F6A7B8C9D0E1F2A3B4C5D6 /* ErrorHandler.swift in Sources */ = {isa = PBXBuildFile; fileRef = D6C5B4A3F2E1D0C9B8A7F6E5 /* ErrorHandler.swift */; };
		F7A8B9C0D1E2F3A4B5C6D7E8 /* NetworkMonitor.swift in Sources */ = {isa = PBXBuildFile; fileRef = E8D7C6B5A4F3E2D1C0B9A8F7 /* NetworkMonitor.swift */; };
		A9B0C1D2E3F4A5B6C7D8E9F0 /* ErrorAlertView.swift in Sources */ = {isa = PBXBuildFile; fileRef = F0E9D8C7B6A5F4E3D2C1B0A9 /* ErrorAlertView.swift */; };
		B1C2D3E4F5A6B7C8D9E0F1A2 /* ConfigurationManager.swift in Sources */ = {isa = PBXBuildFile; fileRef = A2F1E0D9C8B7A6F5E4D3C2B1 /* ConfigurationManager.swift */; };
		C3D4E5F6A7B8C9D0E1F2A3B4 /* .env.example in Resources */ = {isa = PBXBuildFile; fileRef = B4A3F2E1D0C9B8A7F6E5D4C3 /* .env.example */; };
		D5E6F7A8B9C0D1E2F3A4B5C6 /* PaymentHistoryView.swift in Sources */ = {isa = PBXBuildFile; fileRef = C6B5A4F3E2D1C0B9A8F7E6D5 /* PaymentHistoryView.swift */; };
		E7F8A9B0C1D2E3F4A5B6C7D8 /* RefundView.swift in Sources */ = {isa = PBXBuildFile; fileRef = D8C7B6A5F4E3D2C1B0A9F8E7 /* RefundView.swift */; };
		F9A0B1C2D3E4F5A6B7C8D9E0 /* FeeComparisonView.swift in Sources */ = {isa = PBXBuildFile; fileRef = E0D9C8B7A6F5E4D3C2B1A0F9 /* FeeComparisonView.swift */; };
		A1B2C3D4E5F6A7B8C9D0E1F2 /* WalletInfoView.swift in Sources */ = {isa = PBXBuildFile; fileRef = F2E1D0C9B8A7F6E5D4C3B2A1 /* WalletInfoView.swift */; };
/* End PBXBuildFile section */

/* Begin PBXFileReference section */
		A1B2C3D4E5F67898 /* Lumen.app */ = {isa = PBXFileReference; explicitFileType = wrapper.application; includeInIndex = 0; path = Lumen.app; sourceTree = BUILT_PRODUCTS_DIR; };
		A1B2C3D4E5F67891 /* LumenApp.swift */ = {isa = PBXFileReference; lastKnownFileType = sourcecode.swift; path = LumenApp.swift; sourceTree = "<group>"; };
		A1B2C3D4E5F67893 /* ContentView.swift */ = {isa = PBXFileReference; lastKnownFileType = sourcecode.swift; path = ContentView.swift; sourceTree = "<group>"; };
		A1B2C3D4E5F67895 /* Assets.xcassets */ = {isa = PBXFileReference; lastKnownFileType = folder.assetcatalog; path = Assets.xcassets; sourceTree = "<group>"; };
		A1B2C3D4E5F67897 /* Preview Assets.xcassets */ = {isa = PBXFileReference; lastKnownFileType = folder.assetcatalog; path = "Preview Assets.xcassets"; sourceTree = "<group>"; };
		589CF27EA81040B7A4D32DB0 /* KeychainManager.swift */ = {isa = PBXFileReference; lastKnownFileType = sourcecode.swift; path = KeychainManager.swift; sourceTree = "<group>"; };
		D0270EDAC7C44AA680D3D5B9 /* BiometricManager.swift */ = {isa = PBXFileReference; lastKnownFileType = sourcecode.swift; path = BiometricManager.swift; sourceTree = "<group>"; };
		C9A8B7F6E5D4C3B2A1908F7E /* WalletManager.swift */ = {isa = PBXFileReference; lastKnownFileType = sourcecode.swift; path = WalletManager.swift; sourceTree = "<group>"; };
		F8E7D6C5B4A39281F0E5B7C9 /* OnboardingView.swift */ = {isa = PBXFileReference; lastKnownFileType = sourcecode.swift; path = OnboardingView.swift; sourceTree = "<group>"; };
		A8F9E0D1C2B3A4F5E6D7C8B9 /* WalletView.swift */ = {isa = PBXFileReference; lastKnownFileType = sourcecode.swift; path = WalletView.swift; sourceTree = "<group>"; };
		B2A1F0E9D8C7B6A5F4E3D2C1 /* PaymentEventHandler.swift */ = {isa = PBXFileReference; lastKnownFileType = sourcecode.swift; path = PaymentEventHandler.swift; sourceTree = "<group>"; };
		C4B3A2F1E0D9C8B7A6F5E4D3 /* NotificationOverlay.swift */ = {isa = PBXFileReference; lastKnownFileType = sourcecode.swift; path = NotificationOverlay.swift; sourceTree = "<group>"; };
		D6C5B4A3F2E1D0C9B8A7F6E5 /* ErrorHandler.swift */ = {isa = PBXFileReference; lastKnownFileType = sourcecode.swift; path = ErrorHandler.swift; sourceTree = "<group>"; };
		E8D7C6B5A4F3E2D1C0B9A8F7 /* NetworkMonitor.swift */ = {isa = PBXFileReference; lastKnownFileType = sourcecode.swift; path = NetworkMonitor.swift; sourceTree = "<group>"; };
		F0E9D8C7B6A5F4E3D2C1B0A9 /* ErrorAlertView.swift */ = {isa = PBXFileReference; lastKnownFileType = sourcecode.swift; path = ErrorAlertView.swift; sourceTree = "<group>"; };
		A2F1E0D9C8B7A6F5E4D3C2B1 /* ConfigurationManager.swift */ = {isa = PBXFileReference; lastKnownFileType = sourcecode.swift; path = ConfigurationManager.swift; sourceTree = "<group>"; };
		B4A3F2E1D0C9B8A7F6E5D4C3 /* .env.example */ = {isa = PBXFileReference; lastKnownFileType = text; path = .env.example; sourceTree = "<group>"; };
		C6B5A4F3E2D1C0B9A8F7E6D5 /* PaymentHistoryView.swift */ = {isa = PBXFileReference; lastKnownFileType = sourcecode.swift; path = PaymentHistoryView.swift; sourceTree = "<group>"; };
		D8C7B6A5F4E3D2C1B0A9F8E7 /* RefundView.swift */ = {isa = PBXFileReference; lastKnownFileType = sourcecode.swift; path = RefundView.swift; sourceTree = "<group>"; };
		E0D9C8B7A6F5E4D3C2B1A0F9 /* FeeComparisonView.swift */ = {isa = PBXFileReference; lastKnownFileType = sourcecode.swift; path = FeeComparisonView.swift; sourceTree = "<group>"; };
		F2E1D0C9B8A7F6E5D4C3B2A1 /* WalletInfoView.swift */ = {isa = PBXFileReference; lastKnownFileType = sourcecode.swift; path = WalletInfoView.swift; sourceTree = "<group>"; };
/* End PBXFileReference section */

/* Begin PBXFrameworksBuildPhase section */
		A1B2C3D4E5F67899 /* Frameworks */ = {
			isa = PBXFrameworksBuildPhase;
			buildActionMask = 2147483647;
			files = (
				AD39264313C0442185C0132E /* BreezSDKLiquid in Frameworks */,
			);
			runOnlyForDeploymentPostprocessing = 0;
		};
/* End PBXFrameworksBuildPhase section */

/* Begin PBXGroup section */
		A1B2C3D4E5F6789A = {
			isa = PBXGroup;
			children = (
				A1B2C3D4E5F6789B /* Lumen */,
				A1B2C3D4E5F6789C /* Products */,
			);
			sourceTree = "<group>";
		};
		A1B2C3D4E5F6789C /* Products */ = {
			isa = PBXGroup;
			children = (
				A1B2C3D4E5F67898 /* Lumen.app */,
			);
			name = Products;
			sourceTree = "<group>";
		};
		A1B2C3D4E5F6789B /* Lumen */ = {
			isa = PBXGroup;
			children = (
				A1B2C3D4E5F67891 /* LumenApp.swift */,
				A1B2C3D4E5F67893 /* ContentView.swift */,
				D1E2F3A4B5C6D7E8F9A0B1C2 /* Views */,
				E2098C9A87924639B2F78499 /* Security */,
				F2E1D0C9B8A79685A4B3C2E1 /* Wallet */,
				B1C2D3E4F5A6B7C8D9E0F1A2 /* Utils */,
				A1B2C3D4E5F67895 /* Assets.xcassets */,
				B4A3F2E1D0C9B8A7F6E5D4C3 /* .env.example */,
				A1B2C3D4E5F6789D /* Preview Content */,
			);
			path = Lumen;
			sourceTree = "<group>";
		};
		E2098C9A87924639B2F78499 /* Security */ = {
			isa = PBXGroup;
			children = (
				589CF27EA81040B7A4D32DB0 /* KeychainManager.swift */,
				D0270EDAC7C44AA680D3D5B9 /* BiometricManager.swift */,
			);
			path = Security;
			sourceTree = "<group>";
		};
		D1E2F3A4B5C6D7E8F9A0B1C2 /* Views */ = {
			isa = PBXGroup;
			children = (
				F8E7D6C5B4A39281F0E5B7C9 /* OnboardingView.swift */,
				A8F9E0D1C2B3A4F5E6D7C8B9 /* WalletView.swift */,
				C4B3A2F1E0D9C8B7A6F5E4D3 /* NotificationOverlay.swift */,
				F0E9D8C7B6A5F4E3D2C1B0A9 /* ErrorAlertView.swift */,
				C6B5A4F3E2D1C0B9A8F7E6D5 /* PaymentHistoryView.swift */,
				D8C7B6A5F4E3D2C1B0A9F8E7 /* RefundView.swift */,
				E0D9C8B7A6F5E4D3C2B1A0F9 /* FeeComparisonView.swift */,
				F2E1D0C9B8A7F6E5D4C3B2A1 /* WalletInfoView.swift */,
			);
			path = Views;
			sourceTree = "<group>";
		};
		B1C2D3E4F5A6B7C8D9E0F1A2 /* Utils */ = {
			isa = PBXGroup;
			children = (
				D6C5B4A3F2E1D0C9B8A7F6E5 /* ErrorHandler.swift */,
				E8D7C6B5A4F3E2D1C0B9A8F7 /* NetworkMonitor.swift */,
				A2F1E0D9C8B7A6F5E4D3C2B1 /* ConfigurationManager.swift */,
			);
			path = Utils;
			sourceTree = "<group>";
		};
		F2E1D0C9B8A79685A4B3C2E1 /* Wallet */ = {
			isa = PBXGroup;
			children = (
				C9A8B7F6E5D4C3B2A1908F7E /* WalletManager.swift */,
				B2A1F0E9D8C7B6A5F4E3D2C1 /* PaymentEventHandler.swift */,
			);
			path = Wallet;
			sourceTree = "<group>";
		};
		A1B2C3D4E5F6789D /* Preview Content */ = {
			isa = PBXGroup;
			children = (
				A1B2C3D4E5F67897 /* Preview Assets.xcassets */,
			);
			path = "Preview Content";
			sourceTree = "<group>";
		};
/* End PBXGroup section */

/* Begin PBXNativeTarget section */
		A1B2C3D4E5F6789E /* Lumen */ = {
			isa = PBXNativeTarget;
			buildConfigurationList = A1B2C3D4E5F6789F /* Build configuration list for PBXNativeTarget "Lumen" */;
			buildPhases = (
				A1B2C3D4E5F678A0 /* Sources */,
				A1B2C3D4E5F67899 /* Frameworks */,
				A1B2C3D4E5F678A1 /* Resources */,
			);
			buildRules = (
			);
			dependencies = (
			);
			name = Lumen;
			packageProductDependencies = (
				355AFB6DD05A463EA6837E4B /* BreezSDKLiquid */,
			);
			productName = Lumen;
			productReference = A1B2C3D4E5F67898 /* Lumen.app */;
			productType = "com.apple.product-type.application";
		};
/* End PBXNativeTarget section */

/* Begin PBXProject section */
		A1B2C3D4E5F678A2 /* Project object */ = {
			isa = PBXProject;
			attributes = {
				BuildIndependentTargetsInParallel = 1;
				LastSwiftUpdateCheck = 1500;
				LastUpgradeCheck = 1500;
				TargetAttributes = {
					A1B2C3D4E5F6789E = {
						CreatedOnToolsVersion = 15.0;
					};
				};
			};
			buildConfigurationList = A1B2C3D4E5F678A3 /* Build configuration list for PBXProject "Lumen" */;
			compatibilityVersion = "Xcode 14.0";
			developmentRegion = en;
			hasScannedForEncodings = 0;
			knownRegions = (
				en,
				Base,
			);
			mainGroup = A1B2C3D4E5F6789A;
			packageReferences = (
				F1E2D3C4B5A69788ABCD1234 /* XCRemoteSwiftPackageReference "breez-sdk-liquid-swift" */,
			);
			productRefGroup = A1B2C3D4E5F6789C /* Products */;
			projectDirPath = "";
			projectRoot = "";
			targets = (
				A1B2C3D4E5F6789E /* Lumen */,
			);
		};
/* End PBXProject section */

/* Begin PBXResourcesBuildPhase section */
		A1B2C3D4E5F678A1 /* Resources */ = {
			isa = PBXResourcesBuildPhase;
			buildActionMask = 2147483647;
			files = (
				A1B2C3D4E5F67896 /* Preview Assets.xcassets in Resources */,
				A1B2C3D4E5F67894 /* Assets.xcassets in Resources */,
				C3D4E5F6A7B8C9D0E1F2A3B4 /* .env.example in Resources */,
			);
			runOnlyForDeploymentPostprocessing = 0;
		};
/* End PBXResourcesBuildPhase section */

/* Begin PBXSourcesBuildPhase section */
		A1B2C3D4E5F678A0 /* Sources */ = {
			isa = PBXSourcesBuildPhase;
			buildActionMask = 2147483647;
			files = (
				A1B2C3D4E5F67892 /* ContentView.swift in Sources */,
				A1B2C3D4E5F67890 /* LumenApp.swift in Sources */,
				338E9485D51B4E1490986799 /* KeychainManager.swift in Sources */,
				AB26FBFD4E5F441EA2159880 /* BiometricManager.swift in Sources */,
				B8F7E6D5C4A39281F0E5B7C9 /* WalletManager.swift in Sources */,
				A7B8C9D0E1F2A3B4C5D6E7F8 /* OnboardingView.swift in Sources */,
				B9C8D7E6F5A4B3C2D1E0F9A8 /* WalletView.swift in Sources */,
				C1D2E3F4A5B6C7D8E9F0A1B2 /* PaymentEventHandler.swift in Sources */,
				D3E4F5A6B7C8D9E0F1A2B3C4 /* NotificationOverlay.swift in Sources */,
				E5F6A7B8C9D0E1F2A3B4C5D6 /* ErrorHandler.swift in Sources */,
				F7A8B9C0D1E2F3A4B5C6D7E8 /* NetworkMonitor.swift in Sources */,
				A9B0C1D2E3F4A5B6C7D8E9F0 /* ErrorAlertView.swift in Sources */,
				B1C2D3E4F5A6B7C8D9E0F1A2 /* ConfigurationManager.swift in Sources */,
				D5E6F7A8B9C0D1E2F3A4B5C6 /* PaymentHistoryView.swift in Sources */,
				E7F8A9B0C1D2E3F4A5B6C7D8 /* RefundView.swift in Sources */,
				F9A0B1C2D3E4F5A6B7C8D9E0 /* FeeComparisonView.swift in Sources */,
				A1B2C3D4E5F6A7B8C9D0E1F2 /* WalletInfoView.swift in Sources */,
			);
			runOnlyForDeploymentPostprocessing = 0;
		};
/* End PBXSourcesBuildPhase section */

/* Begin XCBuildConfiguration section */
		A1B2C3D4E5F678A4 /* Debug */ = {
			isa = XCBuildConfiguration;
			buildSettings = {
				ALWAYS_SEARCH_USER_PATHS = NO;
				ASSETCATALOG_COMPILER_GENERATE_SWIFT_ASSET_SYMBOL_EXTENSIONS = YES;
				CLANG_ANALYZER_NONNULL = YES;
				CLANG_ANALYZER_NUMBER_OBJECT_CONVERSION = YES_AGGRESSIVE;
				CLANG_CXX_LANGUAGE_STANDARD = "gnu++20";
				CLANG_ENABLE_MODULES = YES;
				CLANG_ENABLE_OBJC_ARC = YES;
				CLANG_ENABLE_OBJC_WEAK = YES;
				CLANG_WARN_BLOCK_CAPTURE_AUTORELEASING = YES;
				CLANG_WARN_BOOL_CONVERSION = YES;
				CLANG_WARN_COMMA = YES;
				CLANG_WARN_CONSTANT_CONVERSION = YES;
				CLANG_WARN_DEPRECATED_OBJC_IMPLEMENTATIONS = YES;
				CLANG_WARN_DIRECT_OBJC_ISA_USAGE = YES_ERROR;
				CLANG_WARN_DOCUMENTATION_COMMENTS = YES;
				CLANG_WARN_EMPTY_BODY = YES;
				CLANG_WARN_ENUM_CONVERSION = YES;
				CLANG_WARN_INFINITE_RECURSION = YES;
				CLANG_WARN_INT_CONVERSION = YES;
				CLANG_WARN_NON_LITERAL_NULL_CONVERSION = YES;
				CLANG_WARN_OBJC_IMPLICIT_RETAIN_SELF = YES;
				CLANG_WARN_OBJC_LITERAL_CONVERSION = YES;
				CLANG_WARN_OBJC_ROOT_CLASS = YES_ERROR;
				CLANG_WARN_QUOTED_INCLUDE_IN_FRAMEWORK_HEADER = YES;
				CLANG_WARN_RANGE_LOOP_ANALYSIS = YES;
				CLANG_WARN_STRICT_PROTOTYPES = YES;
				CLANG_WARN_SUSPICIOUS_MOVE = YES;
				CLANG_WARN_UNGUARDED_AVAILABILITY = YES_AGGRESSIVE;
				CLANG_WARN_UNREACHABLE_CODE = YES;
				CLANG_WARN__DUPLICATE_METHOD_MATCH = YES;
				COPY_PHASE_STRIP = NO;
				DEBUG_INFORMATION_FORMAT = dwarf;
				ENABLE_STRICT_OBJC_MSGSEND = YES;
				ENABLE_TESTABILITY = YES;
				ENABLE_USER_SCRIPT_SANDBOXING = YES;
				GCC_C_LANGUAGE_STANDARD = gnu17;
				GCC_DYNAMIC_NO_PIC = NO;
				GCC_NO_COMMON_BLOCKS = YES;
				GCC_OPTIMIZATION_LEVEL = 0;
				GCC_PREPROCESSOR_DEFINITIONS = (
					"DEBUG=1",
					"$(inherited)",
				);
				GCC_WARN_64_TO_32_BIT_CONVERSION = YES;
				GCC_WARN_ABOUT_RETURN_TYPE = YES_ERROR;
				GCC_WARN_UNDECLARED_SELECTOR = YES;
				GCC_WARN_UNINITIALIZED_AUTOS = YES_AGGRESSIVE;
				GCC_WARN_UNUSED_FUNCTION = YES;
				GCC_WARN_UNUSED_VARIABLE = YES;
				IPHONEOS_DEPLOYMENT_TARGET = 17.0;
				LOCALIZATION_PREFERS_STRING_CATALOGS = YES;
				MTL_ENABLE_DEBUG_INFO = INCLUDE_SOURCE;
				MTL_FAST_MATH = YES;
				ONLY_ACTIVE_ARCH = YES;
				SDKROOT = iphoneos;
				SWIFT_ACTIVE_COMPILATION_CONDITIONS = "DEBUG $(inherited)";
				SWIFT_OPTIMIZATION_LEVEL = "-Onone";
			};
			name = Debug;
		};
		A1B2C3D4E5F678A5 /* Release */ = {
			isa = XCBuildConfiguration;
			buildSettings = {
				ALWAYS_SEARCH_USER_PATHS = NO;
				ASSETCATALOG_COMPILER_GENERATE_SWIFT_ASSET_SYMBOL_EXTENSIONS = YES;
				CLANG_ANALYZER_NONNULL = YES;
				CLANG_ANALYZER_NUMBER_OBJECT_CONVERSION = YES_AGGRESSIVE;
				CLANG_CXX_LANGUAGE_STANDARD = "gnu++20";
				CLANG_ENABLE_MODULES = YES;
				CLANG_ENABLE_OBJC_ARC = YES;
				CLANG_ENABLE_OBJC_WEAK = YES;
				CLANG_WARN_BLOCK_CAPTURE_AUTORELEASING = YES;
				CLANG_WARN_BOOL_CONVERSION = YES;
				CLANG_WARN_COMMA = YES;
				CLANG_WARN_CONSTANT_CONVERSION = YES;
				CLANG_WARN_DEPRECATED_OBJC_IMPLEMENTATIONS = YES;
				CLANG_WARN_DIRECT_OBJC_ISA_USAGE = YES_ERROR;
				CLANG_WARN_DOCUMENTATION_COMMENTS = YES;
				CLANG_WARN_EMPTY_BODY = YES;
				CLANG_WARN_ENUM_CONVERSION = YES;
				CLANG_WARN_INFINITE_RECURSION = YES;
				CLANG_WARN_INT_CONVERSION = YES;
				CLANG_WARN_NON_LITERAL_NULL_CONVERSION = YES;
				CLANG_WARN_OBJC_IMPLICIT_RETAIN_SELF = YES;
				CLANG_WARN_OBJC_LITERAL_CONVERSION = YES;
				CLANG_WARN_OBJC_ROOT_CLASS = YES_ERROR;
				CLANG_WARN_QUOTED_INCLUDE_IN_FRAMEWORK_HEADER = YES;
				CLANG_WARN_RANGE_LOOP_ANALYSIS = YES;
				CLANG_WARN_STRICT_PROTOTYPES = YES;
				CLANG_WARN_SUSPICIOUS_MOVE = YES;
				CLANG_WARN_UNGUARDED_AVAILABILITY = YES_AGGRESSIVE;
				CLANG_WARN_UNREACHABLE_CODE = YES;
				CLANG_WARN__DUPLICATE_METHOD_MATCH = YES;
				COPY_PHASE_STRIP = NO;
				DEBUG_INFORMATION_FORMAT = "dwarf-with-dsym";
				ENABLE_NS_ASSERTIONS = NO;
				ENABLE_STRICT_OBJC_MSGSEND = YES;
				ENABLE_USER_SCRIPT_SANDBOXING = YES;
				GCC_C_LANGUAGE_STANDARD = gnu17;
				GCC_NO_COMMON_BLOCKS = YES;
				GCC_WARN_64_TO_32_BIT_CONVERSION = YES;
				GCC_WARN_ABOUT_RETURN_TYPE = YES_ERROR;
				GCC_WARN_UNDECLARED_SELECTOR = YES;
				GCC_WARN_UNINITIALIZED_AUTOS = YES_AGGRESSIVE;
				GCC_WARN_UNUSED_FUNCTION = YES;
				GCC_WARN_UNUSED_VARIABLE = YES;
				IPHONEOS_DEPLOYMENT_TARGET = 17.0;
				LOCALIZATION_PREFERS_STRING_CATALOGS = YES;
				MTL_ENABLE_DEBUG_INFO = NO;
				MTL_FAST_MATH = YES;
				SDKROOT = iphoneos;
				SWIFT_COMPILATION_MODE = wholemodule;
				VALIDATE_PRODUCT = YES;
			};
			name = Release;
		};
		A1B2C3D4E5F678A6 /* Debug */ = {
			isa = XCBuildConfiguration;
			buildSettings = {
				ASSETCATALOG_COMPILER_APPICON_NAME = AppIcon;
				ASSETCATALOG_COMPILER_GLOBAL_ACCENT_COLOR_NAME = AccentColor;
				CODE_SIGN_STYLE = Automatic;
				CURRENT_PROJECT_VERSION = 1;
				DEVELOPMENT_ASSET_PATHS = "\"Lumen/Preview Content\"";
				DEVELOPMENT_TEAM = "";
				ENABLE_PREVIEWS = YES;
				GENERATE_INFOPLIST_FILE = YES;
				INFOPLIST_KEY_NSFaceIDUsageDescription = "Lumen uses Face ID to securely access your wallet.";
				INFOPLIST_KEY_UIApplicationSceneManifest_Generation = YES;
				INFOPLIST_KEY_UIApplicationSupportsIndirectInputEvents = YES;
				INFOPLIST_KEY_UILaunchScreen_Generation = YES;
				INFOPLIST_KEY_UISupportedInterfaceOrientations_iPad = "UIInterfaceOrientationPortrait UIInterfaceOrientationPortraitUpsideDown UIInterfaceOrientationLandscapeLeft UIInterfaceOrientationLandscapeRight";
				INFOPLIST_KEY_UISupportedInterfaceOrientations_iPhone = "UIInterfaceOrientationPortrait UIInterfaceOrientationLandscapeLeft UIInterfaceOrientationLandscapeRight";
				IPHONEOS_DEPLOYMENT_TARGET = 17.0;
				LD_RUNPATH_SEARCH_PATHS = (
					"$(inherited)",
					"@executable_path/Frameworks",
				);
				MARKETING_VERSION = 1.0;
				PRODUCT_BUNDLE_IDENTIFIER = com.lumen.wallet;
				PRODUCT_NAME = "$(TARGET_NAME)";
				SWIFT_EMIT_LOC_STRINGS = YES;
				SWIFT_VERSION = 5.0;
				TARGETED_DEVICE_FAMILY = "1,2";
			};
			name = Debug;
		};
		A1B2C3D4E5F678A7 /* Release */ = {
			isa = XCBuildConfiguration;
			buildSettings = {
				ASSETCATALOG_COMPILER_APPICON_NAME = AppIcon;
				ASSETCATALOG_COMPILER_GLOBAL_ACCENT_COLOR_NAME = AccentColor;
				CODE_SIGN_STYLE = Automatic;
				CURRENT_PROJECT_VERSION = 1;
				DEVELOPMENT_ASSET_PATHS = "\"Lumen/Preview Content\"";
				DEVELOPMENT_TEAM = "";
				ENABLE_PREVIEWS = YES;
				GENERATE_INFOPLIST_FILE = YES;
				INFOPLIST_KEY_NSFaceIDUsageDescription = "Lumen uses Face ID to securely access your wallet.";
				INFOPLIST_KEY_UIApplicationSceneManifest_Generation = YES;
				INFOPLIST_KEY_UIApplicationSupportsIndirectInputEvents = YES;
				INFOPLIST_KEY_UILaunchScreen_Generation = YES;
				INFOPLIST_KEY_UISupportedInterfaceOrientations_iPad = "UIInterfaceOrientationPortrait UIInterfaceOrientationPortraitUpsideDown UIInterfaceOrientationLandscapeLeft UIInterfaceOrientationLandscapeRight";
				INFOPLIST_KEY_UISupportedInterfaceOrientations_iPhone = "UIInterfaceOrientationPortrait UIInterfaceOrientationLandscapeLeft UIInterfaceOrientationLandscapeRight";
				IPHONEOS_DEPLOYMENT_TARGET = 17.0;
				LD_RUNPATH_SEARCH_PATHS = (
					"$(inherited)",
					"@executable_path/Frameworks",
				);
				MARKETING_VERSION = 1.0;
				PRODUCT_BUNDLE_IDENTIFIER = com.lumen.wallet;
				PRODUCT_NAME = "$(TARGET_NAME)";
				SWIFT_EMIT_LOC_STRINGS = YES;
				SWIFT_VERSION = 5.0;
				TARGETED_DEVICE_FAMILY = "1,2";
			};
			name = Release;
		};
/* End XCBuildConfiguration section */

/* Begin XCConfigurationList section */
		A1B2C3D4E5F678A3 /* Build configuration list for PBXProject "Lumen" */ = {
			isa = XCConfigurationList;
			buildConfigurations = (
				A1B2C3D4E5F678A4 /* Debug */,
				A1B2C3D4E5F678A5 /* Release */,
			);
			defaultConfigurationIsVisible = 0;
			defaultConfigurationName = Release;
		};
		A1B2C3D4E5F6789F /* Build configuration list for PBXNativeTarget "Lumen" */ = {
			isa = XCConfigurationList;
			buildConfigurations = (
				A1B2C3D4E5F678A6 /* Debug */,
				A1B2C3D4E5F678A7 /* Release */,
			);
			defaultConfigurationIsVisible = 0;
			defaultConfigurationName = Release;
		};
/* End XCConfigurationList section */

/* Begin XCRemoteSwiftPackageReference section */
		F1E2D3C4B5A69788ABCD1234 /* XCRemoteSwiftPackageReference "breez-sdk-liquid-swift" */ = {
			isa = XCRemoteSwiftPackageReference;
			repositoryURL = "https://github.com/breez/breez-sdk-liquid-swift.git";
			requirement = {
				kind = upToNextMajorVersion;
				minimumVersion = 0.1.0;
			};
		};
/* End XCRemoteSwiftPackageReference section */

/* Begin XCSwiftPackageProductDependency section */
		355AFB6DD05A463EA6837E4B /* BreezSDKLiquid */ = {
			isa = XCSwiftPackageProductDependency;
			package = F1E2D3C4B5A69788ABCD1234 /* XCRemoteSwiftPackageReference "breez-sdk-liquid-swift" */;
			productName = BreezSDKLiquid;
		};
/* End XCSwiftPackageProductDependency section */
	};
	rootObject = A1B2C3D4E5F678A2 /* Project object */;
}
