{
  "originHash" : "da73e68a6592572aa25431503770bd9e7725aa4d18c92088d82c5890e22699fc",
  "pins" : [
    {
      "identity" : "bigint",
      "kind" : "remoteSourceControl",
      "location" : "https://github.com/attaswift/BigInt.git",
      "state" : {
        "revision" : "793a7fac0bfc318e85994bf6900652e827aef33e",
        "version" : "5.4.1"
      }
    },
    {
      "identity" : "breez-sdk-liquid-swift",
      "kind" : "remoteSourceControl",
      "location" : "https://github.com/breez/breez-sdk-liquid-swift.git",
      "state" : {
        "revision" : "6af1f1c8b150d7005c21ece09167621ede92628c",
        "version" : "0.9.1"
      }
    },
    {
      "identity" : "cryptoswift",
      "kind" : "remoteSourceControl",
      "location" : "https://github.com/krzyzanowskim/CryptoSwift",
      "state" : {
        "revision" : "132f5b209cd0251067f29cdb59c97d9f8a63252a",
        "version" : "1.8.5"
      }
    },
    {
      "identity" : "secp256k1.swift",
      "kind" : "remoteSourceControl",
      "location" : "https://github.com/GigaBitcoin/secp256k1.swift",
      "state" : {
        "revision" : "48fb20fce4ca3aad89180448a127d5bc16f0e44c",
        "version" : "0.10.0"
      }
    },
    {
      "identity" : "web3swift",
      "kind" : "remoteSourceControl",
      "location" : "https://github.com/web3swift-team/web3swift",
      "state" : {
        "revision" : "119d179305788687e80083671698b3f08c970e7f",
        "version" : "3.3.0"
      }
    }
  ],
  "version" : 3
}
